<?xml version="1.0" encoding="utf-8"?>
<Project ToolsVersion="4.0" xmlns="http://schemas.microsoft.com/developer/msbuild/2003">
  <ItemGroup>
    <None Include="packages.config" />
  </ItemGroup>
  <ItemGroup>
    <Filter Include="test">
      <UniqueIdentifier>{5b9d8bd1-2b07-4fc8-aaf0-dc323b427b7f}</UniqueIdentifier>
    </Filter>
    <Filter Include="src">
      <UniqueIdentifier>{8ab4f21e-2a53-47d0-b0fa-137092b02897}</UniqueIdentifier>
    </Filter>
  </ItemGroup>
  <ItemGroup>
    <ClCompile Include="src\Aux_Func.c">
      <Filter>src</Filter>
    </ClCompile>
    <ClCompile Include="src\main.c">
      <Filter>src</Filter>
    </ClCompile>
    <ClCompile Include="test\aux_functions.cpp">
      <Filter>test</Filter>
    </ClCompile>
    <ClCompile Include="test\test.cpp">
      <Filter>test</Filter>
    </ClCompile>
  </ItemGroup>
  <ItemGroup>
    <ClInclude Include="src\Aux_Func.h">
      <Filter>src</Filter>
    </ClInclude>
    <ClInclude Include="src\main.h">
      <Filter>src</Filter>
    </ClInclude>
    <ClInclude Include="test\aux_functions.h">
      <Filter>test</Filter>
    </ClInclude>
  </ItemGroup>
</Project>